
Microsoft Visual Studio Solution File, Format Version 12.00
# Visual Studio Version 17
VisualStudioVersion = 17.6.33815.320
MinimumVisualStudioVersion = 10.0.40219.1
Project("{FAE04EC0-301F-11D3-BF4B-00C04F79EFBC}") = "ConvertCsvToTsv", "ConvertCsvToTsv.csproj", "{6A78FFAC-502B-4D53-8C9B-DFFBB9AC3C81}"
EndProject
Global
	GlobalSection(SolutionConfigurationPlatforms) = preSolution
		Debug|Any CPU = Debug|Any CPU
		Release|Any CPU = Release|Any CPU
	EndGlobalSection
	GlobalSection(ProjectConfigurationPlatforms) = postSolution
		{6A78FFAC-502B-4D53-8C9B-DFFBB9AC3C81}.Debug|Any CPU.ActiveCfg = Debug|Any CPU
		{6A78FFAC-502B-4D53-8C9B-DFFBB9AC3C81}.Debug|Any CPU.Build.0 = Debug|Any CPU
		{6A78FFAC-502B-4D53-8C9B-DFFBB9AC3C81}.Release|Any CPU.ActiveCfg = Release|Any CPU
		{6A78FFAC-502B-4D53-8C9B-DFFBB9AC3C81}.Release|Any CPU.Build.0 = Release|Any CPU
	EndGlobalSection
	GlobalSection(SolutionProperties) = preSolution
		HideSolutionNode = FALSE
	EndGlobalSection
	GlobalSection(ExtensibilityGlobals) = postSolution
		SolutionGuid = {79B2F1B2-F380-403E-9A4D-7903D286925A}
	EndGlobalSection
EndGlobal
